// !$*UTF8*$!
{
	archiveVersion = 1;
	classes = {
	};
	objectVersion = 56;
	objects = {

/* Begin PBXBuildFile section */
		D441A4BE29FBA80500BB4465 /* TaskManagementAppApp.swift in Sources */ = {isa = PBXBuildFile; fileRef = D441A4BD29FBA80500BB4465 /* TaskManagementAppApp.swift */; };
		D441A4C229FBA80600BB4465 /* Assets.xcassets in Resources */ = {isa = PBXBuildFile; fileRef = D441A4C129FBA80600BB4465 /* Assets.xcassets */; };
		D441A4C529FBA80600BB4465 /* Preview Assets.xcassets in Resources */ = {isa = PBXBuildFile; fileRef = D441A4C429FBA80600BB4465 /* Preview Assets.xcassets */; };
		D441A4CF29FBA80600BB4465 /* TaskManagementAppTests.swift in Sources */ = {isa = PBXBuildFile; fileRef = D441A4CE29FBA80600BB4465 /* TaskManagementAppTests.swift */; };
		D441A4D929FBA80600BB4465 /* TaskManagementAppUITests.swift in Sources */ = {isa = PBXBuildFile; fileRef = D441A4D829FBA80600BB4465 /* TaskManagementAppUITests.swift */; };
		D441A4DB29FBA80600BB4465 /* TaskManagementAppUITestsLaunchTests.swift in Sources */ = {isa = PBXBuildFile; fileRef = D441A4DA29FBA80600BB4465 /* TaskManagementAppUITestsLaunchTests.swift */; };
		D4B90F3C29FBAE2E000D9756 /* Home.swift in Sources */ = {isa = PBXBuildFile; fileRef = D4B90F3B29FBAE2E000D9756 /* Home.swift */; };
		D4B90F3F29FBB198000D9756 /* TaskViewModel.swift in Sources */ = {isa = PBXBuildFile; fileRef = D4B90F3E29FBB198000D9756 /* TaskViewModel.swift */; };
/* End PBXBuildFile section */

/* Begin PBXContainerItemProxy section */
		D441A4CB29FBA80600BB4465 /* PBXContainerItemProxy */ = {
			isa = PBXContainerItemProxy;
			containerPortal = D441A4B229FBA80400BB4465 /* Project object */;
			proxyType = 1;
			remoteGlobalIDString = D441A4B929FBA80400BB4465;
			remoteInfo = TaskManagementApp;
		};
		D441A4D529FBA80600BB4465 /* PBXContainerItemProxy */ = {
			isa = PBXContainerItemProxy;
			containerPortal = D441A4B229FBA80400BB4465 /* Project object */;
			proxyType = 1;
			remoteGlobalIDString = D441A4B929FBA80400BB4465;
			remoteInfo = TaskManagementApp;
		};
/* End PBXContainerItemProxy section */

/* Begin PBXFileReference section */
		D441A4BA29FBA80400BB4465 /* TaskManagementApp.app */ = {isa = PBXFileReference; explicitFileType = wrapper.application; includeInIndex = 0; path = TaskManagementApp.app; sourceTree = BUILT_PRODUCTS_DIR; };
		D441A4BD29FBA80500BB4465 /* TaskManagementAppApp.swift */ = {isa = PBXFileReference; lastKnownFileType = sourcecode.swift; path = TaskManagementAppApp.swift; sourceTree = "<group>"; };
		D441A4C129FBA80600BB4465 /* Assets.xcassets */ = {isa = PBXFileReference; lastKnownFileType = folder.assetcatalog; path = Assets.xcassets; sourceTree = "<group>"; };
		D441A4C429FBA80600BB4465 /* Preview Assets.xcassets */ = {isa = PBXFileReference; lastKnownFileType = folder.assetcatalog; path = "Preview Assets.xcassets"; sourceTree = "<group>"; };
		D441A4CA29FBA80600BB4465 /* TaskManagementAppTests.xctest */ = {isa = PBXFileReference; explicitFileType = wrapper.cfbundle; includeInIndex = 0; path = TaskManagementAppTests.xctest; sourceTree = BUILT_PRODUCTS_DIR; };
		D441A4CE29FBA80600BB4465 /* TaskManagementAppTests.swift */ = {isa = PBXFileReference; lastKnownFileType = sourcecode.swift; path = TaskManagementAppTests.swift; sourceTree = "<group>"; };
		D441A4D429FBA80600BB4465 /* TaskManagementAppUITests.xctest */ = {isa = PBXFileReference; explicitFileType = wrapper.cfbundle; includeInIndex = 0; path = TaskManagementAppUITests.xctest; sourceTree = BUILT_PRODUCTS_DIR; };
		D441A4D829FBA80600BB4465 /* TaskManagementAppUITests.swift */ = {isa = PBXFileReference; lastKnownFileType = sourcecode.swift; path = TaskManagementAppUITests.swift; sourceTree = "<group>"; };
		D441A4DA29FBA80600BB4465 /* TaskManagementAppUITestsLaunchTests.swift */ = {isa = PBXFileReference; lastKnownFileType = sourcecode.swift; path = TaskManagementAppUITestsLaunchTests.swift; sourceTree = "<group>"; };
		D4B90F3B29FBAE2E000D9756 /* Home.swift */ = {isa = PBXFileReference; lastKnownFileType = sourcecode.swift; path = Home.swift; sourceTree = "<group>"; };
		D4B90F3E29FBB198000D9756 /* TaskViewModel.swift */ = {isa = PBXFileReference; lastKnownFileType = sourcecode.swift; path = TaskViewModel.swift; sourceTree = "<group>"; };
/* End PBXFileReference section */

/* Begin PBXFrameworksBuildPhase section */
		D441A4B729FBA80400BB4465 /* Frameworks */ = {
			isa = PBXFrameworksBuildPhase;
			buildActionMask = 2147483647;
			files = (
			);
			runOnlyForDeploymentPostprocessing = 0;
		};
		D441A4C729FBA80600BB4465 /* Frameworks */ = {
			isa = PBXFrameworksBuildPhase;
			buildActionMask = 2147483647;
			files = (
			);
			runOnlyForDeploymentPostprocessing = 0;
		};
		D441A4D129FBA80600BB4465 /* Frameworks */ = {
			isa = PBXFrameworksBuildPhase;
			buildActionMask = 2147483647;
			files = (
			);
			runOnlyForDeploymentPostprocessing = 0;
		};
/* End PBXFrameworksBuildPhase section */

/* Begin PBXGroup section */
		D441A4B129FBA80400BB4465 = {
			isa = PBXGroup;
			children = (
				D441A4BC29FBA80400BB4465 /* TaskManagementApp */,
				D441A4CD29FBA80600BB4465 /* TaskManagementAppTests */,
				D441A4D729FBA80600BB4465 /* TaskManagementAppUITests */,
				D441A4BB29FBA80400BB4465 /* Products */,
			);
			sourceTree = "<group>";
		};
		D441A4BB29FBA80400BB4465 /* Products */ = {
			isa = PBXGroup;
			children = (
				D441A4BA29FBA80400BB4465 /* TaskManagementApp.app */,
				D441A4CA29FBA80600BB4465 /* TaskManagementAppTests.xctest */,
				D441A4D429FBA80600BB4465 /* TaskManagementAppUITests.xctest */,
			);
			name = Products;
			sourceTree = "<group>";
		};
		D441A4BC29FBA80400BB4465 /* TaskManagementApp */ = {
			isa = PBXGroup;
			children = (
				D4B90F3D29FBB189000D9756 /* ViewModel */,
				D4B90F3A29FBAE1E000D9756 /* View */,
				D441A4BD29FBA80500BB4465 /* TaskManagementAppApp.swift */,
				D441A4C129FBA80600BB4465 /* Assets.xcassets */,
				D441A4C329FBA80600BB4465 /* Preview Content */,
			);
			path = TaskManagementApp;
			sourceTree = "<group>";
		};
		D441A4C329FBA80600BB4465 /* Preview Content */ = {
			isa = PBXGroup;
			children = (
				D441A4C429FBA80600BB4465 /* Preview Assets.xcassets */,
			);
			path = "Preview Content";
			sourceTree = "<group>";
		};
		D441A4CD29FBA80600BB4465 /* TaskManagementAppTests */ = {
			isa = PBXGroup;
			children = (
				D441A4CE29FBA80600BB4465 /* TaskManagementAppTests.swift */,
			);
			path = TaskManagementAppTests;
			sourceTree = "<group>";
		};
		D441A4D729FBA80600BB4465 /* TaskManagementAppUITests */ = {
			isa = PBXGroup;
			children = (
				D441A4D829FBA80600BB4465 /* TaskManagementAppUITests.swift */,
				D441A4DA29FBA80600BB4465 /* TaskManagementAppUITestsLaunchTests.swift */,
			);
			path = TaskManagementAppUITests;
			sourceTree = "<group>";
		};
		D4B90F3A29FBAE1E000D9756 /* View */ = {
			isa = PBXGroup;
			children = (
				D4B90F3B29FBAE2E000D9756 /* Home.swift */,
			);
			path = View;
			sourceTree = "<group>";
		};
		D4B90F3D29FBB189000D9756 /* ViewModel */ = {
			isa = PBXGroup;
			children = (
				D4B90F3E29FBB198000D9756 /* TaskViewModel.swift */,
			);
			path = ViewModel;
			sourceTree = "<group>";
		};
/* End PBXGroup section */

/* Begin PBXNativeTarget section */
		D441A4B929FBA80400BB4465 /* TaskManagementApp */ = {
			isa = PBXNativeTarget;
			buildConfigurationList = D441A4DE29FBA80600BB4465 /* Build configuration list for PBXNativeTarget "TaskManagementApp" */;
			buildPhases = (
				D441A4B629FBA80400BB4465 /* Sources */,
				D441A4B729FBA80400BB4465 /* Frameworks */,
				D441A4B829FBA80400BB4465 /* Resources */,
			);
			buildRules = (
			);
			dependencies = (
			);
			name = TaskManagementApp;
			productName = TaskManagementApp;
			productReference = D441A4BA29FBA80400BB4465 /* TaskManagementApp.app */;
			productType = "com.apple.product-type.application";
		};
		D441A4C929FBA80600BB4465 /* TaskManagementAppTests */ = {
			isa = PBXNativeTarget;
			buildConfigurationList = D441A4E129FBA80600BB4465 /* Build configuration list for PBXNativeTarget "TaskManagementAppTests" */;
			buildPhases = (
				D441A4C629FBA80600BB4465 /* Sources */,
				D441A4C729FBA80600BB4465 /* Frameworks */,
				D441A4C829FBA80600BB4465 /* Resources */,
			);
			buildRules = (
			);
			dependencies = (
				D441A4CC29FBA80600BB4465 /* PBXTargetDependency */,
			);
			name = TaskManagementAppTests;
			productName = TaskManagementAppTests;
			productReference = D441A4CA29FBA80600BB4465 /* TaskManagementAppTests.xctest */;
			productType = "com.apple.product-type.bundle.unit-test";
		};
		D441A4D329FBA80600BB4465 /* TaskManagementAppUITests */ = {
			isa = PBXNativeTarget;
			buildConfigurationList = D441A4E429FBA80600BB4465 /* Build configuration list for PBXNativeTarget "TaskManagementAppUITests" */;
			buildPhases = (
				D441A4D029FBA80600BB4465 /* Sources */,
				D441A4D129FBA80600BB4465 /* Frameworks */,
				D441A4D229FBA80600BB4465 /* Resources */,
			);
			buildRules = (
			);
			dependencies = (
				D441A4D629FBA80600BB4465 /* PBXTargetDependency */,
			);
			name = TaskManagementAppUITests;
			productName = TaskManagementAppUITests;
			productReference = D441A4D429FBA80600BB4465 /* TaskManagementAppUITests.xctest */;
			productType = "com.apple.product-type.bundle.ui-testing";
		};
/* End PBXNativeTarget section */

/* Begin PBXProject section */
		D441A4B229FBA80400BB4465 /* Project object */ = {
			isa = PBXProject;
			attributes = {
				BuildIndependentTargetsInParallel = 1;
				LastSwiftUpdateCheck = 1420;
				LastUpgradeCheck = 1420;
				TargetAttributes = {
					D441A4B929FBA80400BB4465 = {
						CreatedOnToolsVersion = 14.2;
					};
					D441A4C929FBA80600BB4465 = {
						CreatedOnToolsVersion = 14.2;
						TestTargetID = D441A4B929FBA80400BB4465;
					};
					D441A4D329FBA80600BB4465 = {
						CreatedOnToolsVersion = 14.2;
						TestTargetID = D441A4B929FBA80400BB4465;
					};
				};
			};
			buildConfigurationList = D441A4B529FBA80400BB4465 /* Build configuration list for PBXProject "TaskManagementApp" */;
			compatibilityVersion = "Xcode 14.0";
			developmentRegion = en;
			hasScannedForEncodings = 0;
			knownRegions = (
				en,
				Base,
			);
			mainGroup = D441A4B129FBA80400BB4465;
			productRefGroup = D441A4BB29FBA80400BB4465 /* Products */;
			projectDirPath = "";
			projectRoot = "";
			targets = (
				D441A4B929FBA80400BB4465 /* TaskManagementApp */,
				D441A4C929FBA80600BB4465 /* TaskManagementAppTests */,
				D441A4D329FBA80600BB4465 /* TaskManagementAppUITests */,
			);
		};
/* End PBXProject section */

/* Begin PBXResourcesBuildPhase section */
		D441A4B829FBA80400BB4465 /* Resources */ = {
			isa = PBXResourcesBuildPhase;
			buildActionMask = 2147483647;
			files = (
				D441A4C529FBA80600BB4465 /* Preview Assets.xcassets in Resources */,
				D441A4C229FBA80600BB4465 /* Assets.xcassets in Resources */,
			);
			runOnlyForDeploymentPostprocessing = 0;
		};
		D441A4C829FBA80600BB4465 /* Resources */ = {
			isa = PBXResourcesBuildPhase;
			buildActionMask = 2147483647;
			files = (
			);
			runOnlyForDeploymentPostprocessing = 0;
		};
		D441A4D229FBA80600BB4465 /* Resources */ = {
			isa = PBXResourcesBuildPhase;
			buildActionMask = 2147483647;
			files = (
			);
			runOnlyForDeploymentPostprocessing = 0;
		};
/* End PBXResourcesBuildPhase section */

/* Begin PBXSourcesBuildPhase section */
		D441A4B629FBA80400BB4465 /* Sources */ = {
			isa = PBXSourcesBuildPhase;
			buildActionMask = 2147483647;
			files = (
				D4B90F3F29FBB198000D9756 /* TaskViewModel.swift in Sources */,
				D4B90F3C29FBAE2E000D9756 /* Home.swift in Sources */,
				D441A4BE29FBA80500BB4465 /* TaskManagementAppApp.swift in Sources */,
			);
			runOnlyForDeploymentPostprocessing = 0;
		};
		D441A4C629FBA80600BB4465 /* Sources */ = {
			isa = PBXSourcesBuildPhase;
			buildActionMask = 2147483647;
			files = (
				D441A4CF29FBA80600BB4465 /* TaskManagementAppTests.swift in Sources */,
			);
			runOnlyForDeploymentPostprocessing = 0;
		};
		D441A4D029FBA80600BB4465 /* Sources */ = {
			isa = PBXSourcesBuildPhase;
			buildActionMask = 2147483647;
			files = (
				D441A4DB29FBA80600BB4465 /* TaskManagementAppUITestsLaunchTests.swift in Sources */,
				D441A4D929FBA80600BB4465 /* TaskManagementAppUITests.swift in Sources */,
			);
			runOnlyForDeploymentPostprocessing = 0;
		};
/* End PBXSourcesBuildPhase section */

/* Begin PBXTargetDependency section */
		D441A4CC29FBA80600BB4465 /* PBXTargetDependency */ = {
			isa = PBXTargetDependency;
			target = D441A4B929FBA80400BB4465 /* TaskManagementApp */;
			targetProxy = D441A4CB29FBA80600BB4465 /* PBXContainerItemProxy */;
		};
		D441A4D629FBA80600BB4465 /* PBXTargetDependency */ = {
			isa = PBXTargetDependency;
			target = D441A4B929FBA80400BB4465 /* TaskManagementApp */;
			targetProxy = D441A4D529FBA80600BB4465 /* PBXContainerItemProxy */;
		};
/* End PBXTargetDependency section */

/* Begin XCBuildConfiguration section */
		D441A4DC29FBA80600BB4465 /* Debug */ = {
			isa = XCBuildConfiguration;
			buildSettings = {
				ALWAYS_SEARCH_USER_PATHS = NO;
				CLANG_ANALYZER_NONNULL = YES;
				CLANG_ANALYZER_NUMBER_OBJECT_CONVERSION = YES_AGGRESSIVE;
				CLANG_CXX_LANGUAGE_STANDARD = "gnu++20";
				CLANG_ENABLE_MODULES = YES;
				CLANG_ENABLE_OBJC_ARC = YES;
				CLANG_ENABLE_OBJC_WEAK = YES;
				CLANG_WARN_BLOCK_CAPTURE_AUTORELEASING = YES;
				CLANG_WARN_BOOL_CONVERSION = YES;
				CLANG_WARN_COMMA = YES;
				CLANG_WARN_CONSTANT_CONVERSION = YES;
				CLANG_WARN_DEPRECATED_OBJC_IMPLEMENTATIONS = YES;
				CLANG_WARN_DIRECT_OBJC_ISA_USAGE = YES_ERROR;
				CLANG_WARN_DOCUMENTATION_COMMENTS = YES;
				CLANG_WARN_EMPTY_BODY = YES;
				CLANG_WARN_ENUM_CONVERSION = YES;
				CLANG_WARN_INFINITE_RECURSION = YES;
				CLANG_WARN_INT_CONVERSION = YES;
				CLANG_WARN_NON_LITERAL_NULL_CONVERSION = YES;
				CLANG_WARN_OBJC_IMPLICIT_RETAIN_SELF = YES;
				CLANG_WARN_OBJC_LITERAL_CONVERSION = YES;
				CLANG_WARN_OBJC_ROOT_CLASS = YES_ERROR;
				CLANG_WARN_QUOTED_INCLUDE_IN_FRAMEWORK_HEADER = YES;
				CLANG_WARN_RANGE_LOOP_ANALYSIS = YES;
				CLANG_WARN_STRICT_PROTOTYPES = YES;
				CLANG_WARN_SUSPICIOUS_MOVE = YES;
				CLANG_WARN_UNGUARDED_AVAILABILITY = YES_AGGRESSIVE;
				CLANG_WARN_UNREACHABLE_CODE = YES;
				CLANG_WARN__DUPLICATE_METHOD_MATCH = YES;
				COPY_PHASE_STRIP = NO;
				DEBUG_INFORMATION_FORMAT = dwarf;
				ENABLE_STRICT_OBJC_MSGSEND = YES;
				ENABLE_TESTABILITY = YES;
				GCC_C_LANGUAGE_STANDARD = gnu11;
				GCC_DYNAMIC_NO_PIC = NO;
				GCC_NO_COMMON_BLOCKS = YES;
				GCC_OPTIMIZATION_LEVEL = 0;
				GCC_PREPROCESSOR_DEFINITIONS = (
					"DEBUG=1",
					"$(inherited)",
				);
				GCC_WARN_64_TO_32_BIT_CONVERSION = YES;
				GCC_WARN_ABOUT_RETURN_TYPE = YES_ERROR;
				GCC_WARN_UNDECLARED_SELECTOR = YES;
				GCC_WARN_UNINITIALIZED_AUTOS = YES_AGGRESSIVE;
				GCC_WARN_UNUSED_FUNCTION = YES;
				GCC_WARN_UNUSED_VARIABLE = YES;
				IPHONEOS_DEPLOYMENT_TARGET = 16.2;
				MTL_ENABLE_DEBUG_INFO = INCLUDE_SOURCE;
				MTL_FAST_MATH = YES;
				ONLY_ACTIVE_ARCH = YES;
				SDKROOT = iphoneos;
				SWIFT_ACTIVE_COMPILATION_CONDITIONS = DEBUG;
				SWIFT_OPTIMIZATION_LEVEL = "-Onone";
			};
			name = Debug;
		};
		D441A4DD29FBA80600BB4465 /* Release */ = {
			isa = XCBuildConfiguration;
			buildSettings = {
				ALWAYS_SEARCH_USER_PATHS = NO;
				CLANG_ANALYZER_NONNULL = YES;
				CLANG_ANALYZER_NUMBER_OBJECT_CONVERSION = YES_AGGRESSIVE;
				CLANG_CXX_LANGUAGE_STANDARD = "gnu++20";
				CLANG_ENABLE_MODULES = YES;
				CLANG_ENABLE_OBJC_ARC = YES;
				CLANG_ENABLE_OBJC_WEAK = YES;
				CLANG_WARN_BLOCK_CAPTURE_AUTORELEASING = YES;
				CLANG_WARN_BOOL_CONVERSION = YES;
				CLANG_WARN_COMMA = YES;
				CLANG_WARN_CONSTANT_CONVERSION = YES;
				CLANG_WARN_DEPRECATED_OBJC_IMPLEMENTATIONS = YES;
				CLANG_WARN_DIRECT_OBJC_ISA_USAGE = YES_ERROR;
				CLANG_WARN_DOCUMENTATION_COMMENTS = YES;
				CLANG_WARN_EMPTY_BODY = YES;
				CLANG_WARN_ENUM_CONVERSION = YES;
				CLANG_WARN_INFINITE_RECURSION = YES;
				CLANG_WARN_INT_CONVERSION = YES;
				CLANG_WARN_NON_LITERAL_NULL_CONVERSION = YES;
				CLANG_WARN_OBJC_IMPLICIT_RETAIN_SELF = YES;
				CLANG_WARN_OBJC_LITERAL_CONVERSION = YES;
				CLANG_WARN_OBJC_ROOT_CLASS = YES_ERROR;
				CLANG_WARN_QUOTED_INCLUDE_IN_FRAMEWORK_HEADER = YES;
				CLANG_WARN_RANGE_LOOP_ANALYSIS = YES;
				CLANG_WARN_STRICT_PROTOTYPES = YES;
				CLANG_WARN_SUSPICIOUS_MOVE = YES;
				CLANG_WARN_UNGUARDED_AVAILABILITY = YES_AGGRESSIVE;
				CLANG_WARN_UNREACHABLE_CODE = YES;
				CLANG_WARN__DUPLICATE_METHOD_MATCH = YES;
				COPY_PHASE_STRIP = NO;
				DEBUG_INFORMATION_FORMAT = "dwarf-with-dsym";
				ENABLE_NS_ASSERTIONS = NO;
				ENABLE_STRICT_OBJC_MSGSEND = YES;
				GCC_C_LANGUAGE_STANDARD = gnu11;
				GCC_NO_COMMON_BLOCKS = YES;
				GCC_WARN_64_TO_32_BIT_CONVERSION = YES;
				GCC_WARN_ABOUT_RETURN_TYPE = YES_ERROR;
				GCC_WARN_UNDECLARED_SELECTOR = YES;
				GCC_WARN_UNINITIALIZED_AUTOS = YES_AGGRESSIVE;
				GCC_WARN_UNUSED_FUNCTION = YES;
				GCC_WARN_UNUSED_VARIABLE = YES;
				IPHONEOS_DEPLOYMENT_TARGET = 16.2;
				MTL_ENABLE_DEBUG_INFO = NO;
				MTL_FAST_MATH = YES;
				SDKROOT = iphoneos;
				SWIFT_COMPILATION_MODE = wholemodule;
				SWIFT_OPTIMIZATION_LEVEL = "-O";
				VALIDATE_PRODUCT = YES;
			};
			name = Release;
		};
		D441A4DF29FBA80600BB4465 /* Debug */ = {
			isa = XCBuildConfiguration;
			buildSettings = {
				ASSETCATALOG_COMPILER_APPICON_NAME = AppIcon;
				ASSETCATALOG_COMPILER_GLOBAL_ACCENT_COLOR_NAME = AccentColor;
				CODE_SIGN_STYLE = Automatic;
				CURRENT_PROJECT_VERSION = 1;
				DEVELOPMENT_ASSET_PATHS = "\"TaskManagementApp/Preview Content\"";
				DEVELOPMENT_TEAM = BR3T8YBB5L;
				ENABLE_PREVIEWS = YES;
				GENERATE_INFOPLIST_FILE = YES;
				INFOPLIST_KEY_UIApplicationSceneManifest_Generation = YES;
				INFOPLIST_KEY_UIApplicationSupportsIndirectInputEvents = YES;
				INFOPLIST_KEY_UILaunchScreen_Generation = YES;
				INFOPLIST_KEY_UISupportedInterfaceOrientations_iPad = "UIInterfaceOrientationPortrait UIInterfaceOrientationPortraitUpsideDown UIInterfaceOrientationLandscapeLeft UIInterfaceOrientationLandscapeRight";
				INFOPLIST_KEY_UISupportedInterfaceOrientations_iPhone = "UIInterfaceOrientationPortrait UIInterfaceOrientationLandscapeLeft UIInterfaceOrientationLandscapeRight";
				LD_RUNPATH_SEARCH_PATHS = (
					"$(inherited)",
					"@executable_path/Frameworks",
				);
				MARKETING_VERSION = 1.0;
				PRODUCT_BUNDLE_IDENTIFIER = com.gmail.yuukirinnma.TaskManagementApp;
				PRODUCT_NAME = "$(TARGET_NAME)";
				SWIFT_EMIT_LOC_STRINGS = YES;
				SWIFT_VERSION = 5.0;
				TARGETED_DEVICE_FAMILY = "1,2";
			};
			name = Debug;
		};
		D441A4E029FBA80600BB4465 /* Release */ = {
			isa = XCBuildConfiguration;
			buildSettings = {
				ASSETCATALOG_COMPILER_APPICON_NAME = AppIcon;
				ASSETCATALOG_COMPILER_GLOBAL_ACCENT_COLOR_NAME = AccentColor;
				CODE_SIGN_STYLE = Automatic;
				CURRENT_PROJECT_VERSION = 1;
				DEVELOPMENT_ASSET_PATHS = "\"TaskManagementApp/Preview Content\"";
				DEVELOPMENT_TEAM = BR3T8YBB5L;
				ENABLE_PREVIEWS = YES;
				GENERATE_INFOPLIST_FILE = YES;
				INFOPLIST_KEY_UIApplicationSceneManifest_Generation = YES;
				INFOPLIST_KEY_UIApplicationSupportsIndirectInputEvents = YES;
				INFOPLIST_KEY_UILaunchScreen_Generation = YES;
				INFOPLIST_KEY_UISupportedInterfaceOrientations_iPad = "UIInterfaceOrientationPortrait UIInterfaceOrientationPortraitUpsideDown UIInterfaceOrientationLandscapeLeft UIInterfaceOrientationLandscapeRight";
				INFOPLIST_KEY_UISupportedInterfaceOrientations_iPhone = "UIInterfaceOrientationPortrait UIInterfaceOrientationLandscapeLeft UIInterfaceOrientationLandscapeRight";
				LD_RUNPATH_SEARCH_PATHS = (
					"$(inherited)",
					"@executable_path/Frameworks",
				);
				MARKETING_VERSION = 1.0;
				PRODUCT_BUNDLE_IDENTIFIER = com.gmail.yuukirinnma.TaskManagementApp;
				PRODUCT_NAME = "$(TARGET_NAME)";
				SWIFT_EMIT_LOC_STRINGS = YES;
				SWIFT_VERSION = 5.0;
				TARGETED_DEVICE_FAMILY = "1,2";
			};
			name = Release;
		};
		D441A4E229FBA80600BB4465 /* Debug */ = {
			isa = XCBuildConfiguration;
			buildSettings = {
				ALWAYS_EMBED_SWIFT_STANDARD_LIBRARIES = YES;
				BUNDLE_LOADER = "$(TEST_HOST)";
				CODE_SIGN_STYLE = Automatic;
				CURRENT_PROJECT_VERSION = 1;
				DEVELOPMENT_TEAM = BR3T8YBB5L;
				GENERATE_INFOPLIST_FILE = YES;
				IPHONEOS_DEPLOYMENT_TARGET = 16.2;
				MARKETING_VERSION = 1.0;
				PRODUCT_BUNDLE_IDENTIFIER = com.gmail.yuukirinnma.TaskManagementAppTests;
				PRODUCT_NAME = "$(TARGET_NAME)";
				SWIFT_EMIT_LOC_STRINGS = NO;
				SWIFT_VERSION = 5.0;
				TARGETED_DEVICE_FAMILY = "1,2";
				TEST_HOST = "$(BUILT_PRODUCTS_DIR)/TaskManagementApp.app/$(BUNDLE_EXECUTABLE_FOLDER_PATH)/TaskManagementApp";
			};
			name = Debug;
		};
		D441A4E329FBA80600BB4465 /* Release */ = {
			isa = XCBuildConfiguration;
			buildSettings = {
				ALWAYS_EMBED_SWIFT_STANDARD_LIBRARIES = YES;
				BUNDLE_LOADER = "$(TEST_HOST)";
				CODE_SIGN_STYLE = Automatic;
				CURRENT_PROJECT_VERSION = 1;
				DEVELOPMENT_TEAM = BR3T8YBB5L;
				GENERATE_INFOPLIST_FILE = YES;
				IPHONEOS_DEPLOYMENT_TARGET = 16.2;
				MARKETING_VERSION = 1.0;
				PRODUCT_BUNDLE_IDENTIFIER = com.gmail.yuukirinnma.TaskManagementAppTests;
				PRODUCT_NAME = "$(TARGET_NAME)";
				SWIFT_EMIT_LOC_STRINGS = NO;
				SWIFT_VERSION = 5.0;
				TARGETED_DEVICE_FAMILY = "1,2";
				TEST_HOST = "$(BUILT_PRODUCTS_DIR)/TaskManagementApp.app/$(BUNDLE_EXECUTABLE_FOLDER_PATH)/TaskManagementApp";
			};
			name = Release;
		};
		D441A4E529FBA80600BB4465 /* Debug */ = {
			isa = XCBuildConfiguration;
			buildSettings = {
				ALWAYS_EMBED_SWIFT_STANDARD_LIBRARIES = YES;
				CODE_SIGN_STYLE = Automatic;
				CURRENT_PROJECT_VERSION = 1;
				DEVELOPMENT_TEAM = BR3T8YBB5L;
				GENERATE_INFOPLIST_FILE = YES;
				MARKETING_VERSION = 1.0;
				PRODUCT_BUNDLE_IDENTIFIER = com.gmail.yuukirinnma.TaskManagementAppUITests;
				PRODUCT_NAME = "$(TARGET_NAME)";
				SWIFT_EMIT_LOC_STRINGS = NO;
				SWIFT_VERSION = 5.0;
				TARGETED_DEVICE_FAMILY = "1,2";
				TEST_TARGET_NAME = TaskManagementApp;
			};
			name = Debug;
		};
		D441A4E629FBA80600BB4465 /* Release */ = {
			isa = XCBuildConfiguration;
			buildSettings = {
				ALWAYS_EMBED_SWIFT_STANDARD_LIBRARIES = YES;
				CODE_SIGN_STYLE = Automatic;
				CURRENT_PROJECT_VERSION = 1;
				DEVELOPMENT_TEAM = BR3T8YBB5L;
				GENERATE_INFOPLIST_FILE = YES;
				MARKETING_VERSION = 1.0;
				PRODUCT_BUNDLE_IDENTIFIER = com.gmail.yuukirinnma.TaskManagementAppUITests;
				PRODUCT_NAME = "$(TARGET_NAME)";
				SWIFT_EMIT_LOC_STRINGS = NO;
				SWIFT_VERSION = 5.0;
				TARGETED_DEVICE_FAMILY = "1,2";
				TEST_TARGET_NAME = TaskManagementApp;
			};
			name = Release;
		};
/* End XCBuildConfiguration section */

/* Begin XCConfigurationList section */
		D441A4B529FBA80400BB4465 /* Build configuration list for PBXProject "TaskManagementApp" */ = {
			isa = XCConfigurationList;
			buildConfigurations = (
				D441A4DC29FBA80600BB4465 /* Debug */,
				D441A4DD29FBA80600BB4465 /* Release */,
			);
			defaultConfigurationIsVisible = 0;
			defaultConfigurationName = Release;
		};
		D441A4DE29FBA80600BB4465 /* Build configuration list for PBXNativeTarget "TaskManagementApp" */ = {
			isa = XCConfigurationList;
			buildConfigurations = (
				D441A4DF29FBA80600BB4465 /* Debug */,
				D441A4E029FBA80600BB4465 /* Release */,
			);
			defaultConfigurationIsVisible = 0;
			defaultConfigurationName = Release;
		};
		D441A4E129FBA80600BB4465 /* Build configuration list for PBXNativeTarget "TaskManagementAppTests" */ = {
			isa = XCConfigurationList;
			buildConfigurations = (
				D441A4E229FBA80600BB4465 /* Debug */,
				D441A4E329FBA80600BB4465 /* Release */,
			);
			defaultConfigurationIsVisible = 0;
			defaultConfigurationName = Release;
		};
		D441A4E429FBA80600BB4465 /* Build configuration list for PBXNativeTarget "TaskManagementAppUITests" */ = {
			isa = XCConfigurationList;
			buildConfigurations = (
				D441A4E529FBA80600BB4465 /* Debug */,
				D441A4E629FBA80600BB4465 /* Release */,
			);
			defaultConfigurationIsVisible = 0;
			defaultConfigurationName = Release;
		};
/* End XCConfigurationList section */
	};
	rootObject = D441A4B229FBA80400BB4465 /* Project object */;
}
